// !$*UTF8*$!
{
	archiveVersion = 1;
	classes = {
	};
	objectVersion = 56;
	objects = {

/* Begin PBXBuildFile section */
		F3112FCA2B6CC9C700ACE90E /* RxSwift in Frameworks */ = {isa = PBXBuildFile; productRef = F3112FC92B6CC9C700ACE90E /* RxSwift */; };
		F3112FCD2B6CCA0B00ACE90E /* FilmlerDaoRepo.swift in Sources */ = {isa = PBXBuildFile; fileRef = F3112FCC2B6CCA0B00ACE90E /* FilmlerDaoRepo.swift */; };
		F3112FD02B6CCA3C00ACE90E /* AnasayfaVM.swift in Sources */ = {isa = PBXBuildFile; fileRef = F3112FCF2B6CCA3C00ACE90E /* AnasayfaVM.swift */; };
		F3BC44312B70A979009101C5 /* FMResultSet.m in Sources */ = {isa = PBXBuildFile; fileRef = F3BC44282B70A978009101C5 /* FMResultSet.m */; };
		F3BC44322B70A979009101C5 /* FMDatabaseAdditions.m in Sources */ = {isa = PBXBuildFile; fileRef = F3BC442A2B70A978009101C5 /* FMDatabaseAdditions.m */; };
		F3BC44332B70A979009101C5 /* FMDatabase.m in Sources */ = {isa = PBXBuildFile; fileRef = F3BC442B2B70A979009101C5 /* FMDatabase.m */; };
		F3BC44342B70A979009101C5 /* FMDatabaseQueue.m in Sources */ = {isa = PBXBuildFile; fileRef = F3BC442D2B70A979009101C5 /* FMDatabaseQueue.m */; };
		F3BC44352B70A979009101C5 /* FMDatabasePool.m in Sources */ = {isa = PBXBuildFile; fileRef = F3BC442F2B70A979009101C5 /* FMDatabasePool.m */; };
		F3BC44392B70B4C2009101C5 /* filmler.sqlite in Resources */ = {isa = PBXBuildFile; fileRef = F3BC44382B70B4C2009101C5 /* filmler.sqlite */; };
		F3C71B9B2B6A84D6001CFC18 /* AppDelegate.swift in Sources */ = {isa = PBXBuildFile; fileRef = F3C71B9A2B6A84D6001CFC18 /* AppDelegate.swift */; };
		F3C71B9D2B6A84D6001CFC18 /* SceneDelegate.swift in Sources */ = {isa = PBXBuildFile; fileRef = F3C71B9C2B6A84D6001CFC18 /* SceneDelegate.swift */; };
		F3C71B9F2B6A84D6001CFC18 /* Anasayfa.swift in Sources */ = {isa = PBXBuildFile; fileRef = F3C71B9E2B6A84D6001CFC18 /* Anasayfa.swift */; };
		F3C71BA22B6A84D6001CFC18 /* Main.storyboard in Resources */ = {isa = PBXBuildFile; fileRef = F3C71BA02B6A84D6001CFC18 /* Main.storyboard */; };
		F3C71BA42B6A84D8001CFC18 /* Assets.xcassets in Resources */ = {isa = PBXBuildFile; fileRef = F3C71BA32B6A84D8001CFC18 /* Assets.xcassets */; };
		F3C71BA72B6A84D8001CFC18 /* LaunchScreen.storyboard in Resources */ = {isa = PBXBuildFile; fileRef = F3C71BA52B6A84D8001CFC18 /* LaunchScreen.storyboard */; };
		F3C71BB42B6A859B001CFC18 /* Filmler.swift in Sources */ = {isa = PBXBuildFile; fileRef = F3C71BB32B6A859B001CFC18 /* Filmler.swift */; };
		F3C71BB62B6A8992001CFC18 /* DetaySayfa.swift in Sources */ = {isa = PBXBuildFile; fileRef = F3C71BB52B6A8992001CFC18 /* DetaySayfa.swift */; };
		F3C71BB82B6A8B45001CFC18 /* FilmlerHucre.swift in Sources */ = {isa = PBXBuildFile; fileRef = F3C71BB72B6A8B45001CFC18 /* FilmlerHucre.swift */; };
/* End PBXBuildFile section */

/* Begin PBXFileReference section */
		F3112FCC2B6CCA0B00ACE90E /* FilmlerDaoRepo.swift */ = {isa = PBXFileReference; lastKnownFileType = sourcecode.swift; path = FilmlerDaoRepo.swift; sourceTree = "<group>"; };
		F3112FCF2B6CCA3C00ACE90E /* AnasayfaVM.swift */ = {isa = PBXFileReference; lastKnownFileType = sourcecode.swift; path = AnasayfaVM.swift; sourceTree = "<group>"; };
		F3BC44242B70A953009101C5 /* libsqlite3.tbd */ = {isa = PBXFileReference; lastKnownFileType = "sourcecode.text-based-dylib-definition"; name = libsqlite3.tbd; path = usr/lib/libsqlite3.tbd; sourceTree = SDKROOT; };
		F3BC44252B70A978009101C5 /* FilmlerApp-Bridging-Header.h */ = {isa = PBXFileReference; lastKnownFileType = sourcecode.c.h; path = "FilmlerApp-Bridging-Header.h"; sourceTree = "<group>"; };
		F3BC44262B70A978009101C5 /* FMDatabaseQueue.h */ = {isa = PBXFileReference; fileEncoding = 4; lastKnownFileType = sourcecode.c.h; path = FMDatabaseQueue.h; sourceTree = "<group>"; };
		F3BC44272B70A978009101C5 /* FMDatabasePool.h */ = {isa = PBXFileReference; fileEncoding = 4; lastKnownFileType = sourcecode.c.h; path = FMDatabasePool.h; sourceTree = "<group>"; };
		F3BC44282B70A978009101C5 /* FMResultSet.m */ = {isa = PBXFileReference; fileEncoding = 4; lastKnownFileType = sourcecode.c.objc; path = FMResultSet.m; sourceTree = "<group>"; };
		F3BC44292B70A978009101C5 /* FMDatabase.h */ = {isa = PBXFileReference; fileEncoding = 4; lastKnownFileType = sourcecode.c.h; path = FMDatabase.h; sourceTree = "<group>"; };
		F3BC442A2B70A978009101C5 /* FMDatabaseAdditions.m */ = {isa = PBXFileReference; fileEncoding = 4; lastKnownFileType = sourcecode.c.objc; path = FMDatabaseAdditions.m; sourceTree = "<group>"; };
		F3BC442B2B70A979009101C5 /* FMDatabase.m */ = {isa = PBXFileReference; fileEncoding = 4; lastKnownFileType = sourcecode.c.objc; path = FMDatabase.m; sourceTree = "<group>"; };
		F3BC442C2B70A979009101C5 /* FMDatabaseAdditions.h */ = {isa = PBXFileReference; fileEncoding = 4; lastKnownFileType = sourcecode.c.h; path = FMDatabaseAdditions.h; sourceTree = "<group>"; };
		F3BC442D2B70A979009101C5 /* FMDatabaseQueue.m */ = {isa = PBXFileReference; fileEncoding = 4; lastKnownFileType = sourcecode.c.objc; path = FMDatabaseQueue.m; sourceTree = "<group>"; };
		F3BC442E2B70A979009101C5 /* FMResultSet.h */ = {isa = PBXFileReference; fileEncoding = 4; lastKnownFileType = sourcecode.c.h; path = FMResultSet.h; sourceTree = "<group>"; };
		F3BC442F2B70A979009101C5 /* FMDatabasePool.m */ = {isa = PBXFileReference; fileEncoding = 4; lastKnownFileType = sourcecode.c.objc; path = FMDatabasePool.m; sourceTree = "<group>"; };
		F3BC44302B70A979009101C5 /* FMDB.h */ = {isa = PBXFileReference; fileEncoding = 4; lastKnownFileType = sourcecode.c.h; path = FMDB.h; sourceTree = "<group>"; };
		F3BC44382B70B4C2009101C5 /* filmler.sqlite */ = {isa = PBXFileReference; lastKnownFileType = file; path = filmler.sqlite; sourceTree = "<group>"; };
		F3C71B972B6A84D6001CFC18 /* FilmlerApp.app */ = {isa = PBXFileReference; explicitFileType = wrapper.application; includeInIndex = 0; path = FilmlerApp.app; sourceTree = BUILT_PRODUCTS_DIR; };
		F3C71B9A2B6A84D6001CFC18 /* AppDelegate.swift */ = {isa = PBXFileReference; lastKnownFileType = sourcecode.swift; path = AppDelegate.swift; sourceTree = "<group>"; };
		F3C71B9C2B6A84D6001CFC18 /* SceneDelegate.swift */ = {isa = PBXFileReference; lastKnownFileType = sourcecode.swift; path = SceneDelegate.swift; sourceTree = "<group>"; };
		F3C71B9E2B6A84D6001CFC18 /* Anasayfa.swift */ = {isa = PBXFileReference; lastKnownFileType = sourcecode.swift; path = Anasayfa.swift; sourceTree = "<group>"; };
		F3C71BA12B6A84D6001CFC18 /* Base */ = {isa = PBXFileReference; lastKnownFileType = file.storyboard; name = Base; path = Base.lproj/Main.storyboard; sourceTree = "<group>"; };
		F3C71BA32B6A84D8001CFC18 /* Assets.xcassets */ = {isa = PBXFileReference; lastKnownFileType = folder.assetcatalog; path = Assets.xcassets; sourceTree = "<group>"; };
		F3C71BA62B6A84D8001CFC18 /* Base */ = {isa = PBXFileReference; lastKnownFileType = file.storyboard; name = Base; path = Base.lproj/LaunchScreen.storyboard; sourceTree = "<group>"; };
		F3C71BA82B6A84D8001CFC18 /* Info.plist */ = {isa = PBXFileReference; lastKnownFileType = text.plist.xml; path = Info.plist; sourceTree = "<group>"; };
		F3C71BB32B6A859B001CFC18 /* Filmler.swift */ = {isa = PBXFileReference; lastKnownFileType = sourcecode.swift; path = Filmler.swift; sourceTree = "<group>"; };
		F3C71BB52B6A8992001CFC18 /* DetaySayfa.swift */ = {isa = PBXFileReference; lastKnownFileType = sourcecode.swift; path = DetaySayfa.swift; sourceTree = "<group>"; };
		F3C71BB72B6A8B45001CFC18 /* FilmlerHucre.swift */ = {isa = PBXFileReference; lastKnownFileType = sourcecode.swift; path = FilmlerHucre.swift; sourceTree = "<group>"; };
/* End PBXFileReference section */

/* Begin PBXFrameworksBuildPhase section */
		F3C71B942B6A84D6001CFC18 /* Frameworks */ = {
			isa = PBXFrameworksBuildPhase;
			buildActionMask = 2147483647;
			files = (
				F3112FCA2B6CC9C700ACE90E /* RxSwift in Frameworks */,
			);
			runOnlyForDeploymentPostprocessing = 0;
		};
/* End PBXFrameworksBuildPhase section */

/* Begin PBXGroup section */
		F3112FC82B6CC9C700ACE90E /* Frameworks */ = {
			isa = PBXGroup;
			children = (
				F3BC44242B70A953009101C5 /* libsqlite3.tbd */,
			);
			name = Frameworks;
			sourceTree = "<group>";
		};
		F3112FCB2B6CC9F400ACE90E /* Repo */ = {
			isa = PBXGroup;
			children = (
				F3112FCC2B6CCA0B00ACE90E /* FilmlerDaoRepo.swift */,
			);
			name = Repo;
			sourceTree = "<group>";
		};
		F3112FCE2B6CCA2A00ACE90E /* ViewModel */ = {
			isa = PBXGroup;
			children = (
				F3112FCF2B6CCA3C00ACE90E /* AnasayfaVM.swift */,
			);
			name = ViewModel;
			sourceTree = "<group>";
		};
		F3C71B8E2B6A84D6001CFC18 = {
			isa = PBXGroup;
			children = (
				F3C71B992B6A84D6001CFC18 /* FilmlerApp */,
				F3C71B982B6A84D6001CFC18 /* Products */,
				F3112FC82B6CC9C700ACE90E /* Frameworks */,
			);
			sourceTree = "<group>";
		};
		F3C71B982B6A84D6001CFC18 /* Products */ = {
			isa = PBXGroup;
			children = (
				F3C71B972B6A84D6001CFC18 /* FilmlerApp.app */,
			);
			name = Products;
			sourceTree = "<group>";
		};
		F3C71B992B6A84D6001CFC18 /* FilmlerApp */ = {
			isa = PBXGroup;
			children = (
				F3C71B9A2B6A84D6001CFC18 /* AppDelegate.swift */,
				F3C71B9C2B6A84D6001CFC18 /* SceneDelegate.swift */,
				F3C71BAF2B6A8515001CFC18 /* UI */,
				F3C71BAE2B6A84FF001CFC18 /* Data */,
				F3C71BA02B6A84D6001CFC18 /* Main.storyboard */,
				F3C71BA32B6A84D8001CFC18 /* Assets.xcassets */,
				F3C71BA52B6A84D8001CFC18 /* LaunchScreen.storyboard */,
				F3C71BA82B6A84D8001CFC18 /* Info.plist */,
				F3BC44292B70A978009101C5 /* FMDatabase.h */,
				F3BC442B2B70A979009101C5 /* FMDatabase.m */,
				F3BC442C2B70A979009101C5 /* FMDatabaseAdditions.h */,
				F3BC442A2B70A978009101C5 /* FMDatabaseAdditions.m */,
				F3BC44272B70A978009101C5 /* FMDatabasePool.h */,
				F3BC442F2B70A979009101C5 /* FMDatabasePool.m */,
				F3BC44262B70A978009101C5 /* FMDatabaseQueue.h */,
				F3BC442D2B70A979009101C5 /* FMDatabaseQueue.m */,
				F3BC44302B70A979009101C5 /* FMDB.h */,
				F3BC442E2B70A979009101C5 /* FMResultSet.h */,
				F3BC44282B70A978009101C5 /* FMResultSet.m */,
				F3BC44252B70A978009101C5 /* FilmlerApp-Bridging-Header.h */,
				F3BC44382B70B4C2009101C5 /* filmler.sqlite */,
			);
			path = FilmlerApp;
			sourceTree = "<group>";
		};
		F3C71BAE2B6A84FF001CFC18 /* Data */ = {
			isa = PBXGroup;
			children = (
				F3112FCB2B6CC9F400ACE90E /* Repo */,
				F3C71BB12B6A8527001CFC18 /* Entity */,
			);
			name = Data;
			sourceTree = "<group>";
		};
		F3C71BAF2B6A8515001CFC18 /* UI */ = {
			isa = PBXGroup;
			children = (
				F3112FCE2B6CCA2A00ACE90E /* ViewModel */,
				F3C71BB22B6A8534001CFC18 /* TableView */,
				F3C71BB02B6A851E001CFC18 /* Views */,
			);
			name = UI;
			sourceTree = "<group>";
		};
		F3C71BB02B6A851E001CFC18 /* Views */ = {
			isa = PBXGroup;
			children = (
				F3C71B9E2B6A84D6001CFC18 /* Anasayfa.swift */,
				F3C71BB52B6A8992001CFC18 /* DetaySayfa.swift */,
			);
			name = Views;
			sourceTree = "<group>";
		};
		F3C71BB12B6A8527001CFC18 /* Entity */ = {
			isa = PBXGroup;
			children = (
				F3C71BB32B6A859B001CFC18 /* Filmler.swift */,
			);
			name = Entity;
			sourceTree = "<group>";
		};
		F3C71BB22B6A8534001CFC18 /* TableView */ = {
			isa = PBXGroup;
			children = (
				F3C71BB72B6A8B45001CFC18 /* FilmlerHucre.swift */,
			);
			name = TableView;
			sourceTree = "<group>";
		};
/* End PBXGroup section */

/* Begin PBXNativeTarget section */
		F3C71B962B6A84D6001CFC18 /* FilmlerApp */ = {
			isa = PBXNativeTarget;
			buildConfigurationList = F3C71BAB2B6A84D8001CFC18 /* Build configuration list for PBXNativeTarget "FilmlerApp" */;
			buildPhases = (
				F3C71B932B6A84D6001CFC18 /* Sources */,
				F3C71B942B6A84D6001CFC18 /* Frameworks */,
				F3C71B952B6A84D6001CFC18 /* Resources */,
			);
			buildRules = (
			);
			dependencies = (
			);
			name = FilmlerApp;
			packageProductDependencies = (
				F3112FC92B6CC9C700ACE90E /* RxSwift */,
			);
			productName = FilmlerApp;
			productReference = F3C71B972B6A84D6001CFC18 /* FilmlerApp.app */;
			productType = "com.apple.product-type.application";
		};
/* End PBXNativeTarget section */

/* Begin PBXProject section */
		F3C71B8F2B6A84D6001CFC18 /* Project object */ = {
			isa = PBXProject;
			attributes = {
				BuildIndependentTargetsInParallel = 1;
				LastSwiftUpdateCheck = 1520;
				LastUpgradeCheck = 1520;
				TargetAttributes = {
					F3C71B962B6A84D6001CFC18 = {
						CreatedOnToolsVersion = 15.2;
						LastSwiftMigration = 1520;
					};
				};
			};
			buildConfigurationList = F3C71B922B6A84D6001CFC18 /* Build configuration list for PBXProject "FilmlerApp" */;
			compatibilityVersion = "Xcode 14.0";
			developmentRegion = en;
			hasScannedForEncodings = 0;
			knownRegions = (
				en,
				Base,
			);
			mainGroup = F3C71B8E2B6A84D6001CFC18;
			packageReferences = (
				F3112FBD2B6CC9A100ACE90E /* XCRemoteSwiftPackageReference "RxSwift" */,
			);
			productRefGroup = F3C71B982B6A84D6001CFC18 /* Products */;
			projectDirPath = "";
			projectRoot = "";
			targets = (
				F3C71B962B6A84D6001CFC18 /* FilmlerApp */,
			);
		};
/* End PBXProject section */

/* Begin PBXResourcesBuildPhase section */
		F3C71B952B6A84D6001CFC18 /* Resources */ = {
			isa = PBXResourcesBuildPhase;
			buildActionMask = 2147483647;
			files = (
				F3C71BA72B6A84D8001CFC18 /* LaunchScreen.storyboard in Resources */,
				F3BC44392B70B4C2009101C5 /* filmler.sqlite in Resources */,
				F3C71BA42B6A84D8001CFC18 /* Assets.xcassets in Resources */,
				F3C71BA22B6A84D6001CFC18 /* Main.storyboard in Resources */,
			);
			runOnlyForDeploymentPostprocessing = 0;
		};
/* End PBXResourcesBuildPhase section */

/* Begin PBXSourcesBuildPhase section */
		F3C71B932B6A84D6001CFC18 /* Sources */ = {
			isa = PBXSourcesBuildPhase;
			buildActionMask = 2147483647;
			files = (
				F3C71B9F2B6A84D6001CFC18 /* Anasayfa.swift in Sources */,
				F3C71B9B2B6A84D6001CFC18 /* AppDelegate.swift in Sources */,
				F3BC44352B70A979009101C5 /* FMDatabasePool.m in Sources */,
				F3112FD02B6CCA3C00ACE90E /* AnasayfaVM.swift in Sources */,
				F3C71B9D2B6A84D6001CFC18 /* SceneDelegate.swift in Sources */,
				F3112FCD2B6CCA0B00ACE90E /* FilmlerDaoRepo.swift in Sources */,
				F3BC44342B70A979009101C5 /* FMDatabaseQueue.m in Sources */,
				F3C71BB62B6A8992001CFC18 /* DetaySayfa.swift in Sources */,
				F3BC44312B70A979009101C5 /* FMResultSet.m in Sources */,
				F3C71BB42B6A859B001CFC18 /* Filmler.swift in Sources */,
				F3C71BB82B6A8B45001CFC18 /* FilmlerHucre.swift in Sources */,
				F3BC44332B70A979009101C5 /* FMDatabase.m in Sources */,
				F3BC44322B70A979009101C5 /* FMDatabaseAdditions.m in Sources */,
			);
			runOnlyForDeploymentPostprocessing = 0;
		};
/* End PBXSourcesBuildPhase section */

/* Begin PBXVariantGroup section */
		F3C71BA02B6A84D6001CFC18 /* Main.storyboard */ = {
			isa = PBXVariantGroup;
			children = (
				F3C71BA12B6A84D6001CFC18 /* Base */,
			);
			name = Main.storyboard;
			sourceTree = "<group>";
		};
		F3C71BA52B6A84D8001CFC18 /* LaunchScreen.storyboard */ = {
			isa = PBXVariantGroup;
			children = (
				F3C71BA62B6A84D8001CFC18 /* Base */,
			);
			name = LaunchScreen.storyboard;
			sourceTree = "<group>";
		};
/* End PBXVariantGroup section */

/* Begin XCBuildConfiguration section */
		F3C71BA92B6A84D8001CFC18 /* Debug */ = {
			isa = XCBuildConfiguration;
			buildSettings = {
				ALWAYS_SEARCH_USER_PATHS = NO;
				ASSETCATALOG_COMPILER_GENERATE_SWIFT_ASSET_SYMBOL_EXTENSIONS = YES;
				CLANG_ANALYZER_NONNULL = YES;
				CLANG_ANALYZER_NUMBER_OBJECT_CONVERSION = YES_AGGRESSIVE;
				CLANG_CXX_LANGUAGE_STANDARD = "gnu++20";
				CLANG_ENABLE_MODULES = YES;
				CLANG_ENABLE_OBJC_ARC = YES;
				CLANG_ENABLE_OBJC_WEAK = YES;
				CLANG_WARN_BLOCK_CAPTURE_AUTORELEASING = YES;
				CLANG_WARN_BOOL_CONVERSION = YES;
				CLANG_WARN_COMMA = YES;
				CLANG_WARN_CONSTANT_CONVERSION = YES;
				CLANG_WARN_DEPRECATED_OBJC_IMPLEMENTATIONS = YES;
				CLANG_WARN_DIRECT_OBJC_ISA_USAGE = YES_ERROR;
				CLANG_WARN_DOCUMENTATION_COMMENTS = YES;
				CLANG_WARN_EMPTY_BODY = YES;
				CLANG_WARN_ENUM_CONVERSION = YES;
				CLANG_WARN_INFINITE_RECURSION = YES;
				CLANG_WARN_INT_CONVERSION = YES;
				CLANG_WARN_NON_LITERAL_NULL_CONVERSION = YES;
				CLANG_WARN_OBJC_IMPLICIT_RETAIN_SELF = YES;
				CLANG_WARN_OBJC_LITERAL_CONVERSION = YES;
				CLANG_WARN_OBJC_ROOT_CLASS = YES_ERROR;
				CLANG_WARN_QUOTED_INCLUDE_IN_FRAMEWORK_HEADER = YES;
				CLANG_WARN_RANGE_LOOP_ANALYSIS = YES;
				CLANG_WARN_STRICT_PROTOTYPES = YES;
				CLANG_WARN_SUSPICIOUS_MOVE = YES;
				CLANG_WARN_UNGUARDED_AVAILABILITY = YES_AGGRESSIVE;
				CLANG_WARN_UNREACHABLE_CODE = YES;
				CLANG_WARN__DUPLICATE_METHOD_MATCH = YES;
				COPY_PHASE_STRIP = NO;
				DEBUG_INFORMATION_FORMAT = dwarf;
				ENABLE_STRICT_OBJC_MSGSEND = YES;
				ENABLE_TESTABILITY = YES;
				ENABLE_USER_SCRIPT_SANDBOXING = YES;
				GCC_C_LANGUAGE_STANDARD = gnu17;
				GCC_DYNAMIC_NO_PIC = NO;
				GCC_NO_COMMON_BLOCKS = YES;
				GCC_OPTIMIZATION_LEVEL = 0;
				GCC_PREPROCESSOR_DEFINITIONS = (
					"DEBUG=1",
					"$(inherited)",
				);
				GCC_WARN_64_TO_32_BIT_CONVERSION = YES;
				GCC_WARN_ABOUT_RETURN_TYPE = YES_ERROR;
				GCC_WARN_UNDECLARED_SELECTOR = YES;
				GCC_WARN_UNINITIALIZED_AUTOS = YES_AGGRESSIVE;
				GCC_WARN_UNUSED_FUNCTION = YES;
				GCC_WARN_UNUSED_VARIABLE = YES;
				IPHONEOS_DEPLOYMENT_TARGET = 17.2;
				LOCALIZATION_PREFERS_STRING_CATALOGS = YES;
				MTL_ENABLE_DEBUG_INFO = INCLUDE_SOURCE;
				MTL_FAST_MATH = YES;
				ONLY_ACTIVE_ARCH = YES;
				SDKROOT = iphoneos;
				SWIFT_ACTIVE_COMPILATION_CONDITIONS = "DEBUG $(inherited)";
				SWIFT_OPTIMIZATION_LEVEL = "-Onone";
			};
			name = Debug;
		};
		F3C71BAA2B6A84D8001CFC18 /* Release */ = {
			isa = XCBuildConfiguration;
			buildSettings = {
				ALWAYS_SEARCH_USER_PATHS = NO;
				ASSETCATALOG_COMPILER_GENERATE_SWIFT_ASSET_SYMBOL_EXTENSIONS = YES;
				CLANG_ANALYZER_NONNULL = YES;
				CLANG_ANALYZER_NUMBER_OBJECT_CONVERSION = YES_AGGRESSIVE;
				CLANG_CXX_LANGUAGE_STANDARD = "gnu++20";
				CLANG_ENABLE_MODULES = YES;
				CLANG_ENABLE_OBJC_ARC = YES;
				CLANG_ENABLE_OBJC_WEAK = YES;
				CLANG_WARN_BLOCK_CAPTURE_AUTORELEASING = YES;
				CLANG_WARN_BOOL_CONVERSION = YES;
				CLANG_WARN_COMMA = YES;
				CLANG_WARN_CONSTANT_CONVERSION = YES;
				CLANG_WARN_DEPRECATED_OBJC_IMPLEMENTATIONS = YES;
				CLANG_WARN_DIRECT_OBJC_ISA_USAGE = YES_ERROR;
				CLANG_WARN_DOCUMENTATION_COMMENTS = YES;
				CLANG_WARN_EMPTY_BODY = YES;
				CLANG_WARN_ENUM_CONVERSION = YES;
				CLANG_WARN_INFINITE_RECURSION = YES;
				CLANG_WARN_INT_CONVERSION = YES;
				CLANG_WARN_NON_LITERAL_NULL_CONVERSION = YES;
				CLANG_WARN_OBJC_IMPLICIT_RETAIN_SELF = YES;
				CLANG_WARN_OBJC_LITERAL_CONVERSION = YES;
				CLANG_WARN_OBJC_ROOT_CLASS = YES_ERROR;
				CLANG_WARN_QUOTED_INCLUDE_IN_FRAMEWORK_HEADER = YES;
				CLANG_WARN_RANGE_LOOP_ANALYSIS = YES;
				CLANG_WARN_STRICT_PROTOTYPES = YES;
				CLANG_WARN_SUSPICIOUS_MOVE = YES;
				CLANG_WARN_UNGUARDED_AVAILABILITY = YES_AGGRESSIVE;
				CLANG_WARN_UNREACHABLE_CODE = YES;
				CLANG_WARN__DUPLICATE_METHOD_MATCH = YES;
				COPY_PHASE_STRIP = NO;
				DEBUG_INFORMATION_FORMAT = "dwarf-with-dsym";
				ENABLE_NS_ASSERTIONS = NO;
				ENABLE_STRICT_OBJC_MSGSEND = YES;
				ENABLE_USER_SCRIPT_SANDBOXING = YES;
				GCC_C_LANGUAGE_STANDARD = gnu17;
				GCC_NO_COMMON_BLOCKS = YES;
				GCC_WARN_64_TO_32_BIT_CONVERSION = YES;
				GCC_WARN_ABOUT_RETURN_TYPE = YES_ERROR;
				GCC_WARN_UNDECLARED_SELECTOR = YES;
				GCC_WARN_UNINITIALIZED_AUTOS = YES_AGGRESSIVE;
				GCC_WARN_UNUSED_FUNCTION = YES;
				GCC_WARN_UNUSED_VARIABLE = YES;
				IPHONEOS_DEPLOYMENT_TARGET = 17.2;
				LOCALIZATION_PREFERS_STRING_CATALOGS = YES;
				MTL_ENABLE_DEBUG_INFO = NO;
				MTL_FAST_MATH = YES;
				SDKROOT = iphoneos;
				SWIFT_COMPILATION_MODE = wholemodule;
				VALIDATE_PRODUCT = YES;
			};
			name = Release;
		};
		F3C71BAC2B6A84D8001CFC18 /* Debug */ = {
			isa = XCBuildConfiguration;
			buildSettings = {
				ASSETCATALOG_COMPILER_APPICON_NAME = AppIcon;
				ASSETCATALOG_COMPILER_GLOBAL_ACCENT_COLOR_NAME = AccentColor;
				CLANG_ENABLE_MODULES = YES;
				CODE_SIGN_STYLE = Automatic;
				CURRENT_PROJECT_VERSION = 1;
				DEVELOPMENT_TEAM = MR8M57SP95;
				GENERATE_INFOPLIST_FILE = YES;
				INFOPLIST_FILE = FilmlerApp/Info.plist;
				INFOPLIST_KEY_UIApplicationSupportsIndirectInputEvents = YES;
				INFOPLIST_KEY_UILaunchStoryboardName = LaunchScreen;
				INFOPLIST_KEY_UIMainStoryboardFile = Main;
				INFOPLIST_KEY_UISupportedInterfaceOrientations_iPad = "UIInterfaceOrientationPortrait UIInterfaceOrientationPortraitUpsideDown UIInterfaceOrientationLandscapeLeft UIInterfaceOrientationLandscapeRight";
				INFOPLIST_KEY_UISupportedInterfaceOrientations_iPhone = "UIInterfaceOrientationPortrait UIInterfaceOrientationLandscapeLeft UIInterfaceOrientationLandscapeRight";
				LD_RUNPATH_SEARCH_PATHS = (
					"$(inherited)",
					"@executable_path/Frameworks",
				);
				MARKETING_VERSION = 1.0;
				PRODUCT_BUNDLE_IDENTIFIER = com.fatihemre.FilmlerApp;
				PRODUCT_NAME = "$(TARGET_NAME)";
				SWIFT_EMIT_LOC_STRINGS = YES;
				SWIFT_OBJC_BRIDGING_HEADER = "FilmlerApp/FilmlerApp-Bridging-Header.h";
				SWIFT_OPTIMIZATION_LEVEL = "-Onone";
				SWIFT_VERSION = 5.0;
				TARGETED_DEVICE_FAMILY = "1,2";
			};
			name = Debug;
		};
		F3C71BAD2B6A84D8001CFC18 /* Release */ = {
			isa = XCBuildConfiguration;
			buildSettings = {
				ASSETCATALOG_COMPILER_APPICON_NAME = AppIcon;
				ASSETCATALOG_COMPILER_GLOBAL_ACCENT_COLOR_NAME = AccentColor;
				CLANG_ENABLE_MODULES = YES;
				CODE_SIGN_STYLE = Automatic;
				CURRENT_PROJECT_VERSION = 1;
				DEVELOPMENT_TEAM = MR8M57SP95;
				GENERATE_INFOPLIST_FILE = YES;
				INFOPLIST_FILE = FilmlerApp/Info.plist;
				INFOPLIST_KEY_UIApplicationSupportsIndirectInputEvents = YES;
				INFOPLIST_KEY_UILaunchStoryboardName = LaunchScreen;
				INFOPLIST_KEY_UIMainStoryboardFile = Main;
				INFOPLIST_KEY_UISupportedInterfaceOrientations_iPad = "UIInterfaceOrientationPortrait UIInterfaceOrientationPortraitUpsideDown UIInterfaceOrientationLandscapeLeft UIInterfaceOrientationLandscapeRight";
				INFOPLIST_KEY_UISupportedInterfaceOrientations_iPhone = "UIInterfaceOrientationPortrait UIInterfaceOrientationLandscapeLeft UIInterfaceOrientationLandscapeRight";
				LD_RUNPATH_SEARCH_PATHS = (
					"$(inherited)",
					"@executable_path/Frameworks",
				);
				MARKETING_VERSION = 1.0;
				PRODUCT_BUNDLE_IDENTIFIER = com.fatihemre.FilmlerApp;
				PRODUCT_NAME = "$(TARGET_NAME)";
				SWIFT_EMIT_LOC_STRINGS = YES;
				SWIFT_OBJC_BRIDGING_HEADER = "FilmlerApp/FilmlerApp-Bridging-Header.h";
				SWIFT_VERSION = 5.0;
				TARGETED_DEVICE_FAMILY = "1,2";
			};
			name = Release;
		};
/* End XCBuildConfiguration section */

/* Begin XCConfigurationList section */
		F3C71B922B6A84D6001CFC18 /* Build configuration list for PBXProject "FilmlerApp" */ = {
			isa = XCConfigurationList;
			buildConfigurations = (
				F3C71BA92B6A84D8001CFC18 /* Debug */,
				F3C71BAA2B6A84D8001CFC18 /* Release */,
			);
			defaultConfigurationIsVisible = 0;
			defaultConfigurationName = Release;
		};
		F3C71BAB2B6A84D8001CFC18 /* Build configuration list for PBXNativeTarget "FilmlerApp" */ = {
			isa = XCConfigurationList;
			buildConfigurations = (
				F3C71BAC2B6A84D8001CFC18 /* Debug */,
				F3C71BAD2B6A84D8001CFC18 /* Release */,
			);
			defaultConfigurationIsVisible = 0;
			defaultConfigurationName = Release;
		};
/* End XCConfigurationList section */

/* Begin XCRemoteSwiftPackageReference section */
		F3112FBD2B6CC9A100ACE90E /* XCRemoteSwiftPackageReference "RxSwift" */ = {
			isa = XCRemoteSwiftPackageReference;
			repositoryURL = "https://github.com/ReactiveX/RxSwift.git";
			requirement = {
				kind = upToNextMajorVersion;
				minimumVersion = 6.6.0;
			};
		};
/* End XCRemoteSwiftPackageReference section */

/* Begin XCSwiftPackageProductDependency section */
		F3112FC92B6CC9C700ACE90E /* RxSwift */ = {
			isa = XCSwiftPackageProductDependency;
			package = F3112FBD2B6CC9A100ACE90E /* XCRemoteSwiftPackageReference "RxSwift" */;
			productName = RxSwift;
		};
/* End XCSwiftPackageProductDependency section */
	};
	rootObject = F3C71B8F2B6A84D6001CFC18 /* Project object */;
}
